
Microsoft Visual Studio Solution File, Format Version 12.00
# Visual Studio Express 2012 for Web
Project("{FAE04EC0-301F-11D3-BF4B-00C04F79EFBC}") = "RoomManage", "RoomManage\RoomManage.csproj", "{A5B28779-B59F-405D-9DF0-B05C21BE3E8A}"
EndProject
Global
	GlobalSection(SolutionConfigurationPlatforms) = preSolution
		Debug|Any CPU = Debug|Any CPU
		Release|Any CPU = Release|Any CPU
	EndGlobalSection
	GlobalSection(ProjectConfigurationPlatforms) = postSolution
		{A5B28779-B59F-405D-9DF0-B05C21BE3E8A}.Debug|Any CPU.ActiveCfg = Debug|Any CPU
		{A5B28779-B59F-405D-9DF0-B05C21BE3E8A}.Debug|Any CPU.Build.0 = Debug|Any CPU
		{A5B28779-B59F-405D-9DF0-B05C21BE3E8A}.Release|Any CPU.ActiveCfg = Release|Any CPU
		{A5B28779-B59F-405D-9DF0-B05C21BE3E8A}.Release|Any CPU.Build.0 = Release|Any CPU
	EndGlobalSection
	GlobalSection(SolutionProperties) = preSolution
		HideSolutionNode = FALSE
	EndGlobalSection
EndGlobal
